
Microsoft Visual Studio Solution File, Format Version 12.00
# Visual Studio 2013
VisualStudioVersion = 12.0.30110.0
MinimumVisualStudioVersion = 10.0.40219.1
Project("{FAE04EC0-301F-11D3-BF4B-00C04F79EFBC}") = "JBrainWarlightBot", "JBrainWarlightBot\JBrainWarlightBot.csproj", "{4C143955-ECBE-46FB-9B41-D01917F3306A}"
EndProject
Global
	GlobalSection(SolutionConfigurationPlatforms) = preSolution
		Debug|Any CPU = Debug|Any CPU
		Release|Any CPU = Release|Any CPU
	EndGlobalSection
	GlobalSection(ProjectConfigurationPlatforms) = postSolution
		{4C143955-ECBE-46FB-9B41-D01917F3306A}.Debug|Any CPU.ActiveCfg = Debug|Any CPU
		{4C143955-ECBE-46FB-9B41-D01917F3306A}.Debug|Any CPU.Build.0 = Debug|Any CPU
		{4C143955-ECBE-46FB-9B41-D01917F3306A}.Release|Any CPU.ActiveCfg = Release|Any CPU
		{4C143955-ECBE-46FB-9B41-D01917F3306A}.Release|Any CPU.Build.0 = Release|Any CPU
	EndGlobalSection
	GlobalSection(SolutionProperties) = preSolution
		HideSolutionNode = FALSE
	EndGlobalSection
EndGlobal
